
Microsoft Visual Studio Solution File, Format Version 12.00
# Visual Studio Version 17
VisualStudioVersion = 17.9.34701.34
MinimumVisualStudioVersion = 10.0.40219.1
Project("{FAE04EC0-301F-11D3-BF4B-00C04F79EFBC}") = "CommonModel", "CommonModel\CommonModel.csproj", "{8D6F4E09-8DFA-4477-A950-F977D9BF3E78}"
EndProject
Project("{FAE04EC0-301F-11D3-BF4B-00C04F79EFBC}") = "DataManager", "DataManager\DataManager.csproj", "{65CDE160-82EE-4CBD-B8DD-187F95CF06C7}"
EndProject
Project("{FAE04EC0-301F-11D3-BF4B-00C04F79EFBC}") = "ApplicationLogic", "ApplicationLogic\ApplicationLogic.csproj", "{61690FDB-72FC-42FA-B471-4B32DF6DF9A8}"
EndProject
Project("{FAE04EC0-301F-11D3-BF4B-00C04F79EFBC}") = "BusinessLogic", "BusinessLogic\BusinessLogic.csproj", "{B51208CC-717F-42D7-8984-F9702B121365}"
EndProject
Project("{FAE04EC0-301F-11D3-BF4B-00C04F79EFBC}") = "WinClient", "WinClient\WinClient.csproj", "{C24634F7-E8F1-4E92-8010-D478BE433906}"
EndProject
Project("{FAE04EC0-301F-11D3-BF4B-00C04F79EFBC}") = "HardwareLayer", "HardwareLayer\HardwareLayer.csproj", "{C2637568-7246-4D30-9CC3-481C12F8E027}"
EndProject
Global
	GlobalSection(SolutionConfigurationPlatforms) = preSolution
		Debug|Any CPU = Debug|Any CPU
		Debug|Mixed Platforms = Debug|Mixed Platforms
		Debug|x86 = Debug|x86
		Release|Any CPU = Release|Any CPU
		Release|Mixed Platforms = Release|Mixed Platforms
		Release|x86 = Release|x86
	EndGlobalSection
	GlobalSection(ProjectConfigurationPlatforms) = postSolution
		{8D6F4E09-8DFA-4477-A950-F977D9BF3E78}.Debug|Any CPU.ActiveCfg = Debug|Any CPU
		{8D6F4E09-8DFA-4477-A950-F977D9BF3E78}.Debug|Any CPU.Build.0 = Debug|Any CPU
		{8D6F4E09-8DFA-4477-A950-F977D9BF3E78}.Debug|Mixed Platforms.ActiveCfg = Debug|Any CPU
		{8D6F4E09-8DFA-4477-A950-F977D9BF3E78}.Debug|Mixed Platforms.Build.0 = Debug|Any CPU
		{8D6F4E09-8DFA-4477-A950-F977D9BF3E78}.Debug|x86.ActiveCfg = Debug|Any CPU
		{8D6F4E09-8DFA-4477-A950-F977D9BF3E78}.Release|Any CPU.ActiveCfg = Release|Any CPU
		{8D6F4E09-8DFA-4477-A950-F977D9BF3E78}.Release|Any CPU.Build.0 = Release|Any CPU
		{8D6F4E09-8DFA-4477-A950-F977D9BF3E78}.Release|Mixed Platforms.ActiveCfg = Release|Any CPU
		{8D6F4E09-8DFA-4477-A950-F977D9BF3E78}.Release|Mixed Platforms.Build.0 = Release|Any CPU
		{8D6F4E09-8DFA-4477-A950-F977D9BF3E78}.Release|x86.ActiveCfg = Release|Any CPU
		{65CDE160-82EE-4CBD-B8DD-187F95CF06C7}.Debug|Any CPU.ActiveCfg = Debug|Any CPU
		{65CDE160-82EE-4CBD-B8DD-187F95CF06C7}.Debug|Any CPU.Build.0 = Debug|Any CPU
		{65CDE160-82EE-4CBD-B8DD-187F95CF06C7}.Debug|Mixed Platforms.ActiveCfg = Debug|Any CPU
		{65CDE160-82EE-4CBD-B8DD-187F95CF06C7}.Debug|Mixed Platforms.Build.0 = Debug|Any CPU
		{65CDE160-82EE-4CBD-B8DD-187F95CF06C7}.Debug|x86.ActiveCfg = Debug|Any CPU
		{65CDE160-82EE-4CBD-B8DD-187F95CF06C7}.Release|Any CPU.ActiveCfg = Release|Any CPU
		{65CDE160-82EE-4CBD-B8DD-187F95CF06C7}.Release|Any CPU.Build.0 = Release|Any CPU
		{65CDE160-82EE-4CBD-B8DD-187F95CF06C7}.Release|Mixed Platforms.ActiveCfg = Release|Any CPU
		{65CDE160-82EE-4CBD-B8DD-187F95CF06C7}.Release|Mixed Platforms.Build.0 = Release|Any CPU
		{65CDE160-82EE-4CBD-B8DD-187F95CF06C7}.Release|x86.ActiveCfg = Release|Any CPU
		{61690FDB-72FC-42FA-B471-4B32DF6DF9A8}.Debug|Any CPU.ActiveCfg = Debug|Any CPU
		{61690FDB-72FC-42FA-B471-4B32DF6DF9A8}.Debug|Any CPU.Build.0 = Debug|Any CPU
		{61690FDB-72FC-42FA-B471-4B32DF6DF9A8}.Debug|Mixed Platforms.ActiveCfg = Debug|Any CPU
		{61690FDB-72FC-42FA-B471-4B32DF6DF9A8}.Debug|Mixed Platforms.Build.0 = Debug|Any CPU
		{61690FDB-72FC-42FA-B471-4B32DF6DF9A8}.Debug|x86.ActiveCfg = Debug|Any CPU
		{61690FDB-72FC-42FA-B471-4B32DF6DF9A8}.Release|Any CPU.ActiveCfg = Release|Any CPU
		{61690FDB-72FC-42FA-B471-4B32DF6DF9A8}.Release|Any CPU.Build.0 = Release|Any CPU
		{61690FDB-72FC-42FA-B471-4B32DF6DF9A8}.Release|Mixed Platforms.ActiveCfg = Release|Any CPU
		{61690FDB-72FC-42FA-B471-4B32DF6DF9A8}.Release|Mixed Platforms.Build.0 = Release|Any CPU
		{61690FDB-72FC-42FA-B471-4B32DF6DF9A8}.Release|x86.ActiveCfg = Release|Any CPU
		{B51208CC-717F-42D7-8984-F9702B121365}.Debug|Any CPU.ActiveCfg = Debug|Any CPU
		{B51208CC-717F-42D7-8984-F9702B121365}.Debug|Any CPU.Build.0 = Debug|Any CPU
		{B51208CC-717F-42D7-8984-F9702B121365}.Debug|Mixed Platforms.ActiveCfg = Debug|Any CPU
		{B51208CC-717F-42D7-8984-F9702B121365}.Debug|Mixed Platforms.Build.0 = Debug|Any CPU
		{B51208CC-717F-42D7-8984-F9702B121365}.Debug|x86.ActiveCfg = Debug|Any CPU
		{B51208CC-717F-42D7-8984-F9702B121365}.Release|Any CPU.ActiveCfg = Release|Any CPU
		{B51208CC-717F-42D7-8984-F9702B121365}.Release|Any CPU.Build.0 = Release|Any CPU
		{B51208CC-717F-42D7-8984-F9702B121365}.Release|Mixed Platforms.ActiveCfg = Release|Any CPU
		{B51208CC-717F-42D7-8984-F9702B121365}.Release|Mixed Platforms.Build.0 = Release|Any CPU
		{B51208CC-717F-42D7-8984-F9702B121365}.Release|x86.ActiveCfg = Release|Any CPU
		{C24634F7-E8F1-4E92-8010-D478BE433906}.Debug|Any CPU.ActiveCfg = Debug|x86
		{C24634F7-E8F1-4E92-8010-D478BE433906}.Debug|Mixed Platforms.ActiveCfg = Debug|x86
		{C24634F7-E8F1-4E92-8010-D478BE433906}.Debug|Mixed Platforms.Build.0 = Debug|x86
		{C24634F7-E8F1-4E92-8010-D478BE433906}.Debug|x86.ActiveCfg = Debug|x86
		{C24634F7-E8F1-4E92-8010-D478BE433906}.Debug|x86.Build.0 = Debug|x86
		{C24634F7-E8F1-4E92-8010-D478BE433906}.Release|Any CPU.ActiveCfg = Release|x86
		{C24634F7-E8F1-4E92-8010-D478BE433906}.Release|Mixed Platforms.ActiveCfg = Release|x86
		{C24634F7-E8F1-4E92-8010-D478BE433906}.Release|Mixed Platforms.Build.0 = Release|x86
		{C24634F7-E8F1-4E92-8010-D478BE433906}.Release|x86.ActiveCfg = Release|x86
		{C24634F7-E8F1-4E92-8010-D478BE433906}.Release|x86.Build.0 = Release|x86
		{C2637568-7246-4D30-9CC3-481C12F8E027}.Debug|Any CPU.ActiveCfg = Debug|Any CPU
		{C2637568-7246-4D30-9CC3-481C12F8E027}.Debug|Any CPU.Build.0 = Debug|Any CPU
		{C2637568-7246-4D30-9CC3-481C12F8E027}.Debug|Mixed Platforms.ActiveCfg = Debug|Any CPU
		{C2637568-7246-4D30-9CC3-481C12F8E027}.Debug|Mixed Platforms.Build.0 = Debug|Any CPU
		{C2637568-7246-4D30-9CC3-481C12F8E027}.Debug|x86.ActiveCfg = Debug|Any CPU
		{C2637568-7246-4D30-9CC3-481C12F8E027}.Release|Any CPU.ActiveCfg = Release|Any CPU
		{C2637568-7246-4D30-9CC3-481C12F8E027}.Release|Any CPU.Build.0 = Release|Any CPU
		{C2637568-7246-4D30-9CC3-481C12F8E027}.Release|Mixed Platforms.ActiveCfg = Release|Any CPU
		{C2637568-7246-4D30-9CC3-481C12F8E027}.Release|Mixed Platforms.Build.0 = Release|Any CPU
		{C2637568-7246-4D30-9CC3-481C12F8E027}.Release|x86.ActiveCfg = Release|Any CPU
	EndGlobalSection
	GlobalSection(SolutionProperties) = preSolution
		HideSolutionNode = FALSE
	EndGlobalSection
	GlobalSection(ExtensibilityGlobals) = postSolution
		SolutionGuid = {E0DA22D0-6E43-4C3D-8AE9-32461AF4848C}
	EndGlobalSection
EndGlobal
